{
  "object": {
    "pins": [
      {
        "package": "DeviceHardware",
        "repositoryURL": "https://github.com/Shakshi3104/DeviceHardware.git",
        "state": {
          "branch": null,
          "revision": "9709b25c0537ec60aab987236b31861f252a2791",
          "version": "1.0.0"
        }
      },
      {
        "package": "swift-argument-parser",
        "repositoryURL": "https://github.com/apple/swift-argument-parser",
        "state": {
          "branch": null,
          "revision": "831ed5e860a70e745bc1337830af4786b2576881",
          "version": "0.4.1"
        }
      }
    ]
  },
  "version": 1
}
