{
  "object": {
    "pins": [
      {
        "package": "DeviceHardware",
        "repositoryURL": "https://github.com/Shakshi3104/DeviceHardware.git",
        "state": {
          "branch": null,
          "revision": "3b376d32a6579e3a16f826373de6f0168cb6bddf",
          "version": "1.1.0"
        }
      },
      {
        "package": "swift-argument-parser",
        "repositoryURL": "https://github.com/apple/swift-argument-parser",
        "state": {
          "branch": null,
          "revision": "986d191f94cec88f6350056da59c2e59e83d1229",
          "version": "0.4.3"
        }
      }
    ]
  },
  "version": 1
}
